
Microsoft Visual Studio Solution File, Format Version 12.00
# Visual Studio Version 16
VisualStudioVersion = 16.0.28803.202
MinimumVisualStudioVersion = 10.0.40219.1
Project("{FAE04EC0-301F-11D3-BF4B-00C04F79EFBC}") = "numMethod4", "numMethod4.csproj", "{10FDB3CE-B397-4ADE-91D3-7BB3F6CE9B83}"
EndProject
Global
	GlobalSection(SolutionConfigurationPlatforms) = preSolution
		Debug|Any CPU = Debug|Any CPU
		Release|Any CPU = Release|Any CPU
	EndGlobalSection
	GlobalSection(ProjectConfigurationPlatforms) = postSolution
		{10FDB3CE-B397-4ADE-91D3-7BB3F6CE9B83}.Debug|Any CPU.ActiveCfg = Debug|Any CPU
		{10FDB3CE-B397-4ADE-91D3-7BB3F6CE9B83}.Debug|Any CPU.Build.0 = Debug|Any CPU
		{10FDB3CE-B397-4ADE-91D3-7BB3F6CE9B83}.Release|Any CPU.ActiveCfg = Release|Any CPU
		{10FDB3CE-B397-4ADE-91D3-7BB3F6CE9B83}.Release|Any CPU.Build.0 = Release|Any CPU
	EndGlobalSection
	GlobalSection(SolutionProperties) = preSolution
		HideSolutionNode = FALSE
	EndGlobalSection
	GlobalSection(ExtensibilityGlobals) = postSolution
		SolutionGuid = {2691CB24-1A88-4B54-B4DB-777D9B5FBD9C}
	EndGlobalSection
EndGlobal
